
Microsoft Visual Studio Solution File, Format Version 12.00
# Visual Studio Version 17
VisualStudioVersion = 17.0.32014.148
MinimumVisualStudioVersion = 10.0.40219.1
Project("{9A19103F-16F7-4668-BE54-9A1E7A4F7556}") = "Asgard", "Asgard\Asgard.csproj", "{2A1EB43A-5BB7-4637-A709-19ACFE9F1075}"
EndProject
Project("{9A19103F-16F7-4668-BE54-9A1E7A4F7556}") = "Asgard.Tests", "Asgard.Tests\Asgard.Tests.csproj", "{BCB7F423-F15C-4F3D-B603-242ECA5627A1}"
EndProject
Project("{9A19103F-16F7-4668-BE54-9A1E7A4F7556}") = "Asgard.ExampleUse", "Asgard.ExampleUse\Asgard.ExampleUse.csproj", "{E0C0CC40-78B6-47E7-AFA6-22343FCFAB7C}"
EndProject
Project("{2150E333-8FDC-42A3-9474-1A3956D46DE8}") = "Solution Items", "Solution Items", "{2C5260FD-671C-49D7-8A16-45FD4B514B28}"
	ProjectSection(SolutionItems) = preProject
		.editorconfig = .editorconfig
	EndProjectSection
EndProject
Global
	GlobalSection(SolutionConfigurationPlatforms) = preSolution
		Debug|Any CPU = Debug|Any CPU
		Release|Any CPU = Release|Any CPU
	EndGlobalSection
	GlobalSection(ProjectConfigurationPlatforms) = postSolution
		{2A1EB43A-5BB7-4637-A709-19ACFE9F1075}.Debug|Any CPU.ActiveCfg = Debug|Any CPU
		{2A1EB43A-5BB7-4637-A709-19ACFE9F1075}.Debug|Any CPU.Build.0 = Debug|Any CPU
		{2A1EB43A-5BB7-4637-A709-19ACFE9F1075}.Release|Any CPU.ActiveCfg = Release|Any CPU
		{2A1EB43A-5BB7-4637-A709-19ACFE9F1075}.Release|Any CPU.Build.0 = Release|Any CPU
		{BCB7F423-F15C-4F3D-B603-242ECA5627A1}.Debug|Any CPU.ActiveCfg = Debug|Any CPU
		{BCB7F423-F15C-4F3D-B603-242ECA5627A1}.Debug|Any CPU.Build.0 = Debug|Any CPU
		{BCB7F423-F15C-4F3D-B603-242ECA5627A1}.Release|Any CPU.ActiveCfg = Release|Any CPU
		{BCB7F423-F15C-4F3D-B603-242ECA5627A1}.Release|Any CPU.Build.0 = Release|Any CPU
		{E0C0CC40-78B6-47E7-AFA6-22343FCFAB7C}.Debug|Any CPU.ActiveCfg = Debug|Any CPU
		{E0C0CC40-78B6-47E7-AFA6-22343FCFAB7C}.Debug|Any CPU.Build.0 = Debug|Any CPU
		{E0C0CC40-78B6-47E7-AFA6-22343FCFAB7C}.Release|Any CPU.ActiveCfg = Release|Any CPU
		{E0C0CC40-78B6-47E7-AFA6-22343FCFAB7C}.Release|Any CPU.Build.0 = Release|Any CPU
	EndGlobalSection
	GlobalSection(SolutionProperties) = preSolution
		HideSolutionNode = FALSE
	EndGlobalSection
	GlobalSection(ExtensibilityGlobals) = postSolution
		SolutionGuid = {B92CE877-6E6F-40E9-97F1-124220577AD9}
	EndGlobalSection
EndGlobal
